
Microsoft Visual Studio Solution File, Format Version 12.00
# Visual Studio Version 16
VisualStudioVersion = 16.0.31613.86
MinimumVisualStudioVersion = 10.0.40219.1
Project("{FAE04EC0-301F-11D3-BF4B-00C04F79EFBC}") = "CollegeForum", "CollegeForum.csproj", "{70690576-7CCA-4926-92CD-836A09DCA61D}"
EndProject
Global
	GlobalSection(SolutionConfigurationPlatforms) = preSolution
		Debug|Any CPU = Debug|Any CPU
		Release|Any CPU = Release|Any CPU
	EndGlobalSection
	GlobalSection(ProjectConfigurationPlatforms) = postSolution
		{70690576-7CCA-4926-92CD-836A09DCA61D}.Debug|Any CPU.ActiveCfg = Debug|Any CPU
		{70690576-7CCA-4926-92CD-836A09DCA61D}.Debug|Any CPU.Build.0 = Debug|Any CPU
		{70690576-7CCA-4926-92CD-836A09DCA61D}.Release|Any CPU.ActiveCfg = Release|Any CPU
		{70690576-7CCA-4926-92CD-836A09DCA61D}.Release|Any CPU.Build.0 = Release|Any CPU
	EndGlobalSection
	GlobalSection(SolutionProperties) = preSolution
		HideSolutionNode = FALSE
	EndGlobalSection
	GlobalSection(ExtensibilityGlobals) = postSolution
		SolutionGuid = {A16DF960-9852-4830-BDF8-286F89B967F8}
	EndGlobalSection
EndGlobal
